
Microsoft Visual Studio Solution File, Format Version 12.00
# Visual Studio 15
VisualStudioVersion = 15.0.27703.2026
MinimumVisualStudioVersion = 10.0.40219.1
Project("{FAE04EC0-301F-11D3-BF4B-00C04F79EFBC}") = "BittrexClient", "BittrexClient\BittrexClient.csproj", "{0C4E8354-9879-40F0-B9C5-D11A673B153C}"
EndProject
Global
	GlobalSection(SolutionConfigurationPlatforms) = preSolution
		Debug|Any CPU = Debug|Any CPU
		Release|Any CPU = Release|Any CPU
	EndGlobalSection
	GlobalSection(ProjectConfigurationPlatforms) = postSolution
		{0C4E8354-9879-40F0-B9C5-D11A673B153C}.Debug|Any CPU.ActiveCfg = Debug|Any CPU
		{0C4E8354-9879-40F0-B9C5-D11A673B153C}.Debug|Any CPU.Build.0 = Debug|Any CPU
		{0C4E8354-9879-40F0-B9C5-D11A673B153C}.Release|Any CPU.ActiveCfg = Release|Any CPU
		{0C4E8354-9879-40F0-B9C5-D11A673B153C}.Release|Any CPU.Build.0 = Release|Any CPU
	EndGlobalSection
	GlobalSection(SolutionProperties) = preSolution
		HideSolutionNode = FALSE
	EndGlobalSection
	GlobalSection(ExtensibilityGlobals) = postSolution
		SolutionGuid = {D5ADB150-3261-4FE0-8BE3-6E7660E127C6}
	EndGlobalSection
EndGlobal
